
Microsoft Visual Studio Solution File, Format Version 12.00
# Visual Studio Version 16
VisualStudioVersion = 16.0.31729.503
MinimumVisualStudioVersion = 10.0.40219.1
Project("{FAE04EC0-301F-11D3-BF4B-00C04F79EFBC}") = "JsonToCSharp", "JsonToCSharp\JsonToCSharp.csproj", "{0CBC3063-5893-49E3-A346-0D7B291BA472}"
EndProject
Global
	GlobalSection(SolutionConfigurationPlatforms) = preSolution
		Debug|Any CPU = Debug|Any CPU
		Release|Any CPU = Release|Any CPU
	EndGlobalSection
	GlobalSection(ProjectConfigurationPlatforms) = postSolution
		{0CBC3063-5893-49E3-A346-0D7B291BA472}.Debug|Any CPU.ActiveCfg = Debug|Any CPU
		{0CBC3063-5893-49E3-A346-0D7B291BA472}.Debug|Any CPU.Build.0 = Debug|Any CPU
		{0CBC3063-5893-49E3-A346-0D7B291BA472}.Release|Any CPU.ActiveCfg = Release|Any CPU
		{0CBC3063-5893-49E3-A346-0D7B291BA472}.Release|Any CPU.Build.0 = Release|Any CPU
	EndGlobalSection
	GlobalSection(SolutionProperties) = preSolution
		HideSolutionNode = FALSE
	EndGlobalSection
	GlobalSection(ExtensibilityGlobals) = postSolution
		SolutionGuid = {18CC4E2B-8370-42A6-B742-FAFDE0C6A768}
	EndGlobalSection
EndGlobal
